Microsoft Visual Studio Solution File, Format Version 12.00
# Visual Studio Version 17
VisualStudioVersion = 17.5.2.0
MinimumVisualStudioVersion = 10.0.40219.1
Project("{FAE04EC0-301F-11D3-BF4B-00C04F79EFBC}") = "TrackerApi", "TrackerApi\TrackerApi.csproj", "{CE015546-A344-235B-42A0-3701B6E9A4A3}"
EndProject
Project("{FAE04EC0-301F-11D3-BF4B-00C04F79EFBC}") = "TrackerApi.Tests", "TrackerApi.Tests\TrackerApi.Tests.csproj", "{0616EEC0-BE78-467F-BDC9-B4F5178D0D1C}"
EndProject
Global
	GlobalSection(SolutionConfigurationPlatforms) = preSolution
		Debug|Any CPU = Debug|Any CPU
		Release|Any CPU = Release|Any CPU
	EndGlobalSection
	GlobalSection(ProjectConfigurationPlatforms) = postSolution
		{CE015546-A344-235B-42A0-3701B6E9A4A3}.Debug|Any CPU.ActiveCfg = Debug|Any CPU
		{CE015546-A344-235B-42A0-3701B6E9A4A3}.Debug|Any CPU.Build.0 = Debug|Any CPU
		{CE015546-A344-235B-42A0-3701B6E9A4A3}.Release|Any CPU.ActiveCfg = Release|Any CPU
		{CE015546-A344-235B-42A0-3701B6E9A4A3}.Release|Any CPU.Build.0 = Release|Any CPU
		{0616EEC0-BE78-467F-BDC9-B4F5178D0D1C}.Debug|Any CPU.ActiveCfg = Debug|Any CPU
		{0616EEC0-BE78-467F-BDC9-B4F5178D0D1C}.Debug|Any CPU.Build.0 = Debug|Any CPU
		{0616EEC0-BE78-467F-BDC9-B4F5178D0D1C}.Release|Any CPU.ActiveCfg = Release|Any CPU
		{0616EEC0-BE78-467F-BDC9-B4F5178D0D1C}.Release|Any CPU.Build.0 = Release|Any CPU
	EndGlobalSection
	GlobalSection(SolutionProperties) = preSolution
		HideSolutionNode = FALSE
	EndGlobalSection
	GlobalSection(ExtensibilityGlobals) = postSolution
		SolutionGuid = {131DC85E-E713-46EC-8116-C8CBC6A8D176}
	EndGlobalSection
EndGlobal
